
Microsoft Visual Studio Solution File, Format Version 12.00
# Visual Studio 15
VisualStudioVersion = 15.0.27130.2010
MinimumVisualStudioVersion = 10.0.40219.1
Project("{8BC9CEB8-8B4A-11D0-8D11-00A0C91BC942}") = "WindowsProject1", "WindowsProject1\WindowsProject1.vcxproj", "{C4210055-07B6-4413-92C5-3279B098297A}"
EndProject
Project("{FAE04EC0-301F-11D3-BF4B-00C04F79EFBC}") = "WpfApp1", "WpfApp1\WpfApp1.csproj", "{88E80CFF-33FC-4A8A-9DCA-5FB3307D2758}"
EndProject
Project("{2150E333-8FDC-42A3-9474-1A3956D46DE8}") = "Solution Items", "Solution Items", "{44D6D129-1112-4ED4-AC90-E432F82E3119}"
	ProjectSection(SolutionItems) = preProject
		README.md = README.md
	EndProjectSection
EndProject
Global
	GlobalSection(SolutionConfigurationPlatforms) = preSolution
		Debug|Any CPU = Debug|Any CPU
		Debug|x64 = Debug|x64
		Debug|x86 = Debug|x86
		Release|Any CPU = Release|Any CPU
		Release|x64 = Release|x64
		Release|x86 = Release|x86
	EndGlobalSection
	GlobalSection(ProjectConfigurationPlatforms) = postSolution
		{C4210055-07B6-4413-92C5-3279B098297A}.Debug|Any CPU.ActiveCfg = Debug|Win32
		{C4210055-07B6-4413-92C5-3279B098297A}.Debug|x64.ActiveCfg = Debug|x64
		{C4210055-07B6-4413-92C5-3279B098297A}.Debug|x64.Build.0 = Debug|x64
		{C4210055-07B6-4413-92C5-3279B098297A}.Debug|x86.ActiveCfg = Debug|Win32
		{C4210055-07B6-4413-92C5-3279B098297A}.Debug|x86.Build.0 = Debug|Win32
		{C4210055-07B6-4413-92C5-3279B098297A}.Release|Any CPU.ActiveCfg = Release|Win32
		{C4210055-07B6-4413-92C5-3279B098297A}.Release|x64.ActiveCfg = Release|x64
		{C4210055-07B6-4413-92C5-3279B098297A}.Release|x64.Build.0 = Release|x64
		{C4210055-07B6-4413-92C5-3279B098297A}.Release|x86.ActiveCfg = Release|Win32
		{C4210055-07B6-4413-92C5-3279B098297A}.Release|x86.Build.0 = Release|Win32
		{88E80CFF-33FC-4A8A-9DCA-5FB3307D2758}.Debug|Any CPU.ActiveCfg = Debug|x86
		{88E80CFF-33FC-4A8A-9DCA-5FB3307D2758}.Debug|Any CPU.Build.0 = Debug|x86
		{88E80CFF-33FC-4A8A-9DCA-5FB3307D2758}.Debug|x64.ActiveCfg = Debug|Any CPU
		{88E80CFF-33FC-4A8A-9DCA-5FB3307D2758}.Debug|x64.Build.0 = Debug|Any CPU
		{88E80CFF-33FC-4A8A-9DCA-5FB3307D2758}.Debug|x86.ActiveCfg = Debug|x86
		{88E80CFF-33FC-4A8A-9DCA-5FB3307D2758}.Debug|x86.Build.0 = Debug|x86
		{88E80CFF-33FC-4A8A-9DCA-5FB3307D2758}.Release|Any CPU.ActiveCfg = Release|Any CPU
		{88E80CFF-33FC-4A8A-9DCA-5FB3307D2758}.Release|Any CPU.Build.0 = Release|Any CPU
		{88E80CFF-33FC-4A8A-9DCA-5FB3307D2758}.Release|x64.ActiveCfg = Release|Any CPU
		{88E80CFF-33FC-4A8A-9DCA-5FB3307D2758}.Release|x64.Build.0 = Release|Any CPU
		{88E80CFF-33FC-4A8A-9DCA-5FB3307D2758}.Release|x86.ActiveCfg = Release|Any CPU
		{88E80CFF-33FC-4A8A-9DCA-5FB3307D2758}.Release|x86.Build.0 = Release|Any CPU
	EndGlobalSection
	GlobalSection(SolutionProperties) = preSolution
		HideSolutionNode = FALSE
	EndGlobalSection
	GlobalSection(ExtensibilityGlobals) = postSolution
		SolutionGuid = {11C39BA6-F94E-4E4F-A6EC-8EFC5FEC8437}
	EndGlobalSection
EndGlobal
